
Microsoft Visual Studio Solution File, Format Version 12.00
# Visual Studio 15
VisualStudioVersion = 15.0.27130.2020
MinimumVisualStudioVersion = 10.0.40219.1
Project("{FAE04EC0-301F-11D3-BF4B-00C04F79EFBC}") = "MadLib", "MadLib\MadLib.csproj", "{D96578CD-65F7-4E77-9FE7-7CC7C93ABBB9}"
EndProject
Global
	GlobalSection(SolutionConfigurationPlatforms) = preSolution
		Debug|Any CPU = Debug|Any CPU
		Release|Any CPU = Release|Any CPU
	EndGlobalSection
	GlobalSection(ProjectConfigurationPlatforms) = postSolution
		{D96578CD-65F7-4E77-9FE7-7CC7C93ABBB9}.Debug|Any CPU.ActiveCfg = Debug|Any CPU
		{D96578CD-65F7-4E77-9FE7-7CC7C93ABBB9}.Debug|Any CPU.Build.0 = Debug|Any CPU
		{D96578CD-65F7-4E77-9FE7-7CC7C93ABBB9}.Release|Any CPU.ActiveCfg = Release|Any CPU
		{D96578CD-65F7-4E77-9FE7-7CC7C93ABBB9}.Release|Any CPU.Build.0 = Release|Any CPU
	EndGlobalSection
	GlobalSection(SolutionProperties) = preSolution
		HideSolutionNode = FALSE
	EndGlobalSection
	GlobalSection(ExtensibilityGlobals) = postSolution
		SolutionGuid = {BE56ACC4-1401-4A96-B5CC-21615F9728FD}
	EndGlobalSection
EndGlobal
